lockfileVersion: '9.0'

settings:
  autoInstallPeers: true
  excludeLinksFromLockfile: false

importers:

  .:
    dependencies:
      '@ai-sdk/anthropic':
        specifier: ^1.0.2
        version: 1.0.2(zod@3.23.8)
      '@anthropic-ai/sdk':
        specifier: ^0.32.1
        version: 0.32.1
      ai:
        specifier: ^4.0.11
        version: 4.0.11(react@18.3.1)(zod@3.23.8)
      dotenv:
        specifier: ^16.4.7
        version: 16.4.7
      octokit:
        specifier: ^4.0.2
        version: 4.0.2
      zod:
        specifier: ^3.23.8
        version: 3.23.8
    devDependencies:
      '@types/bun':
        specifier: latest
        version: 1.1.14

packages:

  '@ai-sdk/anthropic@1.0.2':
    resolution: {integrity: sha512-f3Z356AgUe6vcaUJuVY1+UWdUdhx/JzIADaQgybHSBRQ+OXOYs7AveKist01I6fBXGl3DPPbJJr/i0P888Izfg==}
    engines: {node: '>=18'}
    peerDependencies:
      zod: ^3.0.0

  '@ai-sdk/provider-utils@2.0.2':
    resolution: {integrity: sha512-IAvhKhdlXqiSmvx/D4uNlFYCl8dWT+M9K+IuEcSgnE2Aj27GWu8sDIpAf4r4Voc+wOUkOECVKQhFo8g9pozdjA==}
    engines: {node: '>=18'}
    peerDependencies:
      zod: ^3.0.0
    peerDependenciesMeta:
      zod:
        optional: true

  '@ai-sdk/provider@1.0.1':
    resolution: {integrity: sha512-mV+3iNDkzUsZ0pR2jG0sVzU6xtQY5DtSCBy3JFycLp6PwjyLw/iodfL3MwdmMCRJWgs3dadcHejRnMvF9nGTBg==}
    engines: {node: '>=18'}

  '@ai-sdk/react@1.0.4':
    resolution: {integrity: sha512-wQvyV2oi+E67RpKXCEvVwaU8wTXFrwYsaJ4g3nXORLWAdDOd1UFaGuIug6rA9mI2eWF0imFrn2+a1ZMCYuuBpQ==}
    engines: {node: '>=18'}
    peerDependencies:
      react: ^18 || ^19 || ^19.0.0-rc
      zod: ^3.0.0
    peerDependenciesMeta:
      react:
        optional: true
      zod:
        optional: true

  '@ai-sdk/ui-utils@1.0.3':
    resolution: {integrity: sha512-UWU7j0gj9ickDm0RW06kUBVjdWVhYIo3xKCCLlrgXMFjao3WHSFWTILLI64ZyU72Xc9y1epW07m6PROnHkkApA==}
    engines: {node: '>=18'}
    peerDependencies:
      zod: ^3.0.0
    peerDependenciesMeta:
      zod:
        optional: true

  '@anthropic-ai/sdk@0.32.1':
    resolution: {integrity: sha512-U9JwTrDvdQ9iWuABVsMLj8nJVwAyQz6QXvgLsVhryhCEPkLsbcP/MXxm+jYcAwLoV8ESbaTTjnD4kuAFa+Hyjg==}

  '@octokit/app@15.1.1':
    resolution: {integrity: sha512-fk8xrCSPTJGpyBdBNI+DcZ224dm0aApv4vi6X7/zTmANXlegKV2Td+dJ+fd7APPaPN7R+xttUsj2Fm+AFDSfMQ==}
    engines: {node: '>= 18'}

  '@octokit/auth-app@7.1.3':
    resolution: {integrity: sha512-GZdkOp2kZTIy5dG9oXqvzUAZiPvDx4C/lMlN6yQjtG9d/+hYa7W8WXTJoOrXE8UdfL9A/sZMl206dmtkl9lwVQ==}
    engines: {node: '>= 18'}

  '@octokit/auth-oauth-app@8.1.1':
    resolution: {integrity: sha512-5UtmxXAvU2wfcHIPPDWzVSAWXVJzG3NWsxb7zCFplCWEmMCArSZV0UQu5jw5goLQXbFyOr5onzEH37UJB3zQQg==}
    engines: {node: '>= 18'}

  '@octokit/auth-oauth-device@7.1.1':
    resolution: {integrity: sha512-HWl8lYueHonuyjrKKIup/1tiy0xcmQCdq5ikvMO1YwkNNkxb6DXfrPjrMYItNLyCP/o2H87WuijuE+SlBTT8eg==}
    engines: {node: '>= 18'}

  '@octokit/auth-oauth-user@5.1.1':
    resolution: {integrity: sha512-rRkMz0ErOppdvEfnemHJXgZ9vTPhBuC6yASeFaB7I2yLMd7QpjfrL1mnvRPlyKo+M6eeLxrKanXJ9Qte29SRsw==}
    engines: {node: '>= 18'}

  '@octokit/auth-token@5.1.1':
    resolution: {integrity: sha512-rh3G3wDO8J9wSjfI436JUKzHIxq8NaiL0tVeB2aXmG6p/9859aUOAjA9pmSPNGGZxfwmaJ9ozOJImuNVJdpvbA==}
    engines: {node: '>= 18'}

  '@octokit/auth-unauthenticated@6.1.0':
    resolution: {integrity: sha512-zPSmfrUAcspZH/lOFQnVnvjQZsIvmfApQH6GzJrkIunDooU1Su2qt2FfMTSVPRp7WLTQyC20Kd55lF+mIYaohQ==}
    engines: {node: '>= 18'}

  '@octokit/core@6.1.2':
    resolution: {integrity: sha512-hEb7Ma4cGJGEUNOAVmyfdB/3WirWMg5hDuNFVejGEDFqupeOysLc2sG6HJxY2etBp5YQu5Wtxwi020jS9xlUwg==}
    engines: {node: '>= 18'}

  '@octokit/endpoint@10.1.1':
    resolution: {integrity: sha512-JYjh5rMOwXMJyUpj028cu0Gbp7qe/ihxfJMLc8VZBMMqSwLgOxDI1911gV4Enl1QSavAQNJcwmwBF9M0VvLh6Q==}
    engines: {node: '>= 18'}

  '@octokit/graphql@8.1.1':
    resolution: {integrity: sha512-ukiRmuHTi6ebQx/HFRCXKbDlOh/7xEV6QUXaE7MJEKGNAncGI/STSbOkl12qVXZrfZdpXctx5O9X1AIaebiDBg==}
    engines: {node: '>= 18'}

  '@octokit/oauth-app@7.1.3':
    resolution: {integrity: sha512-EHXbOpBkSGVVGF1W+NLMmsnSsJRkcrnVmDKt0TQYRBb6xWfWzoi9sBD4DIqZ8jGhOWO/V8t4fqFyJ4vDQDn9bg==}
    engines: {node: '>= 18'}

  '@octokit/oauth-authorization-url@7.1.1':
    resolution: {integrity: sha512-ooXV8GBSabSWyhLUowlMIVd9l1s2nsOGQdlP2SQ4LnkEsGXzeCvbSbCPdZThXhEFzleGPwbapT0Sb+YhXRyjCA==}
    engines: {node: '>= 18'}

  '@octokit/oauth-methods@5.1.2':
    resolution: {integrity: sha512-C5lglRD+sBlbrhCUTxgJAFjWgJlmTx5bQ7Ch0+2uqRjYv7Cfb5xpX4WuSC9UgQna3sqRGBL9EImX9PvTpMaQ7g==}
    engines: {node: '>= 18'}

  '@octokit/openapi-types@22.2.0':
    resolution: {integrity: sha512-QBhVjcUa9W7Wwhm6DBFu6ZZ+1/t/oYxqc2tp81Pi41YNuJinbFRx8B133qVOrAaBbF7D/m0Et6f9/pZt9Rc+tg==}

  '@octokit/openapi-webhooks-types@8.5.1':
    resolution: {integrity: sha512-i3h1b5zpGSB39ffBbYdSGuAd0NhBAwPyA3QV3LYi/lx4lsbZiu7u2UHgXVUR6EpvOI8REOuVh1DZTRfHoJDvuQ==}

  '@octokit/plugin-paginate-graphql@5.2.4':
    resolution: {integrity: sha512-pLZES1jWaOynXKHOqdnwZ5ULeVR6tVVCMm+AUbp0htdcyXDU95WbkYdU4R2ej1wKj5Tu94Mee2Ne0PjPO9cCyA==}
    engines: {node: '>= 18'}
    peerDependencies:
      '@octokit/core': '>=6'

  '@octokit/plugin-paginate-rest@11.3.6':
    resolution: {integrity: sha512-zcvqqf/+TicbTCa/Z+3w4eBJcAxCFymtc0UAIsR3dEVoNilWld4oXdscQ3laXamTszUZdusw97K8+DrbFiOwjw==}
    engines: {node: '>= 18'}
    peerDependencies:
      '@octokit/core': '>=6'

  '@octokit/plugin-rest-endpoint-methods@13.2.6':
    resolution: {integrity: sha512-wMsdyHMjSfKjGINkdGKki06VEkgdEldIGstIEyGX0wbYHGByOwN/KiM+hAAlUwAtPkP3gvXtVQA9L3ITdV2tVw==}
    engines: {node: '>= 18'}
    peerDependencies:
      '@octokit/core': '>=6'

  '@octokit/plugin-retry@7.1.2':
    resolution: {integrity: sha512-XOWnPpH2kJ5VTwozsxGurw+svB2e61aWlmk5EVIYZPwFK5F9h4cyPyj9CIKRyMXMHSwpIsI3mPOdpMmrRhe7UQ==}
    engines: {node: '>= 18'}
    peerDependencies:
      '@octokit/core': '>=6'

  '@octokit/plugin-throttling@9.3.2':
    resolution: {integrity: sha512-FqpvcTpIWFpMMwIeSoypoJXysSAQ3R+ALJhXXSG1HTP3YZOIeLmcNcimKaXxTcws+Sh6yoRl13SJ5r8sXc1Fhw==}
    engines: {node: '>= 18'}
    peerDependencies:
      '@octokit/core': ^6.0.0

  '@octokit/request-error@6.1.5':
    resolution: {integrity: sha512-IlBTfGX8Yn/oFPMwSfvugfncK2EwRLjzbrpifNaMY8o/HTEAFqCA1FZxjD9cWvSKBHgrIhc4CSBIzMxiLsbzFQ==}
    engines: {node: '>= 18'}

  '@octokit/request@9.1.3':
    resolution: {integrity: sha512-V+TFhu5fdF3K58rs1pGUJIDH5RZLbZm5BI+MNF+6o/ssFNT4vWlCh/tVpF3NxGtP15HUxTTMUbsG5llAuU2CZA==}
    engines: {node: '>= 18'}

  '@octokit/types@13.6.2':
    resolution: {integrity: sha512-WpbZfZUcZU77DrSW4wbsSgTPfKcp286q3ItaIgvSbBpZJlu6mnYXAkjZz6LVZPXkEvLIM8McanyZejKTYUHipA==}

  '@octokit/webhooks-methods@5.1.0':
    resolution: {integrity: sha512-yFZa3UH11VIxYnnoOYCVoJ3q4ChuSOk2IVBBQ0O3xtKX4x9bmKb/1t+Mxixv2iUhzMdOl1qeWJqEhouXXzB3rQ==}
    engines: {node: '>= 18'}

  '@octokit/webhooks@13.4.1':
    resolution: {integrity: sha512-I5YPUtfWidh+OzyrlDahJsUpkpGK0kCTmDRbuqGmlCUzOtxdEkX3R4d6Cd08ijQYwkVXQJanPdbKuZBeV2NMaA==}
    engines: {node: '>= 18'}

  '@opentelemetry/api@1.9.0':
    resolution: {integrity: sha512-3giAOQvZiH5F9bMlMiv8+GSPMeqg0dbaeo58/0SlA9sxSqZhnUtxzX9/2FzyhS9sWQf5S0GJE0AKBrFqjpeYcg==}
    engines: {node: '>=8.0.0'}

  '@types/aws-lambda@8.10.146':
    resolution: {integrity: sha512-3BaDXYTh0e6UCJYL/jwV/3+GRslSc08toAiZSmleYtkAUyV5rtvdPYxrG/88uqvTuT6sb27WE9OS90ZNTIuQ0g==}

  '@types/bun@1.1.14':
    resolution: {integrity: sha512-opVYiFGtO2af0dnWBdZWlioLBoxSdDO5qokaazLhq8XQtGZbY4pY3/JxY8Zdf/hEwGubbp7ErZXoN1+h2yesxA==}

  '@types/diff-match-patch@1.0.36':
    resolution: {integrity: sha512-xFdR6tkm0MWvBfO8xXCSsinYxHcqkQUlcHeSpMC2ukzOb6lwQAfDmW+Qt0AvlGd8HpsS28qKsB+oPeJn9I39jg==}

  '@types/node-fetch@2.6.12':
    resolution: {integrity: sha512-8nneRWKCg3rMtF69nLQJnOYUcbafYeFSjqkw3jCRLsqkWFlHaoQrr5mXmofFGOx3DKn7UfmBMyov8ySvLRVldA==}

  '@types/node@18.19.67':
    resolution: {integrity: sha512-wI8uHusga+0ZugNp0Ol/3BqQfEcCCNfojtO6Oou9iVNGPTL6QNSdnUdqq85fRgIorLhLMuPIKpsN98QE9Nh+KQ==}

  '@types/node@20.12.14':
    resolution: {integrity: sha512-scnD59RpYD91xngrQQLGkE+6UrHUPzeKZWhhjBSa3HSkwjbQc38+q3RoIVEwxQGRw3M+j5hpNAM+lgV3cVormg==}

  '@types/ws@8.5.13':
    resolution: {integrity: sha512-osM/gWBTPKgHV8XkTunnegTRIsvF6owmf5w+JtAfOw472dptdm0dlGv4xCt6GwQRcC2XVOvvRE/0bAoQcL2QkA==}

  abort-controller@3.0.0:
    resolution: {integrity: sha512-h8lQ8tacZYnR3vNQTgibj+tODHI5/+l06Au2Pcriv/Gmet0eaj4TwWH41sO9wnHDiQsEj19q0drzdWdeAHtweg==}
    engines: {node: '>=6.5'}

  agentkeepalive@4.5.0:
    resolution: {integrity: sha512-5GG/5IbQQpC9FpkRGsSvZI5QYeSCzlJHdpBQntCsuTOxhKD8lqKhrleg2Yi7yvMIf82Ycmmqln9U8V9qwEiJew==}
    engines: {node: '>= 8.0.0'}

  ai@4.0.11:
    resolution: {integrity: sha512-rf3fjFoPBajC1JXGzlyJgWozo5wpWP3CHYjczGb7UgTaKFldD9yWmNBD5NXEYxYWLyrRIjA6qmAhK55DRTKZ1g==}
    engines: {node: '>=18'}
    peerDependencies:
      react: ^18 || ^19 || ^19.0.0-rc
      zod: ^3.0.0
    peerDependenciesMeta:
      react:
        optional: true
      zod:
        optional: true

  asynckit@0.4.0:
    resolution: {integrity: sha512-Oei9OH4tRh0YqU3GxhX79dM/mwVgvbZJaSNaRk+bshkj0S5cfHcgYakreBjrHwatXKbz+IoIdYLxrKim2MjW0Q==}

  before-after-hook@3.0.2:
    resolution: {integrity: sha512-Nik3Sc0ncrMK4UUdXQmAnRtzmNQTAAXmXIopizwZ1W1t8QmfJj+zL4OA2I7XPTPW5z5TDqv4hRo/JzouDJnX3A==}

  bottleneck@2.19.5:
    resolution: {integrity: sha512-VHiNCbI1lKdl44tGrhNfU3lup0Tj/ZBMJB5/2ZbNXRCPuRCO7ed2mgcK4r17y+KB2EfuYuRaVlwNbAeaWGSpbw==}

  bun-types@1.1.37:
    resolution: {integrity: sha512-C65lv6eBr3LPJWFZ2gswyrGZ82ljnH8flVE03xeXxKhi2ZGtFiO4isRKTKnitbSqtRAcaqYSR6djt1whI66AbA==}

  chalk@5.3.0:
    resolution: {integrity: sha512-dLitG79d+GV1Nb/VYcCDFivJeK1hiukt9QjRNVOsUtTy1rR1YJsmpGGTZ3qJos+uw7WmWF4wUwBd9jxjocFC2w==}
    engines: {node: ^12.17.0 || ^14.13 || >=16.0.0}

  client-only@0.0.1:
    resolution: {integrity: sha512-IV3Ou0jSMzZrd3pZ48nLkT9DA7Ag1pnPzaiQhpW7c3RbcqqzvzzVu+L8gfqMp/8IM2MQtSiqaCxrrcfu8I8rMA==}

  combined-stream@1.0.8:
    resolution: {integrity: sha512-FQN4MRfuJeHf7cBbBMJFXhKSDq+2kAArBlmRBvcvFE5BB1HZKXtSFASDhdlz9zOYwxh8lDdnvmMOe/+5cdoEdg==}
    engines: {node: '>= 0.8'}

  delayed-stream@1.0.0:
    resolution: {integrity: sha512-ZySD7Nf91aLB0RxL4KGrKHBXl7Eds1DAmEdcoVawXnLD7SDhpNgtuII2aAkg7a7QS41jxPSZ17p4VdGnMHk3MQ==}
    engines: {node: '>=0.4.0'}

  diff-match-patch@1.0.5:
    resolution: {integrity: sha512-IayShXAgj/QMXgB0IWmKx+rOPuGMhqm5w6jvFxmVenXKIzRqTAAsbBPT3kWQeGANj3jGgvcvv4yK6SxqYmikgw==}

  dotenv@16.4.7:
    resolution: {integrity: sha512-47qPchRCykZC03FhkYAhrvwU4xDBFIj1QPqaarj6mdM/hgUzfPHcpkHJOn3mJAufFeeAxAzeGsr5X0M4k6fLZQ==}
    engines: {node: '>=12'}

  event-target-shim@5.0.1:
    resolution: {integrity: sha512-i/2XbnSz/uxRCU6+NdVJgKWDTM427+MqYbkQzD321DuCQJUqOuJKIA0IM2+W2xtYHdKOmZ4dR6fExsd4SXL+WQ==}
    engines: {node: '>=6'}

  eventsource-parser@3.0.0:
    resolution: {integrity: sha512-T1C0XCUimhxVQzW4zFipdx0SficT651NnkR0ZSH3yQwh+mFMdLfgjABVi4YtMTtaL4s168593DaoaRLMqryavA==}
    engines: {node: '>=18.0.0'}

  form-data-encoder@1.7.2:
    resolution: {integrity: sha512-qfqtYan3rxrnCk1VYaA4H+Ms9xdpPqvLZa6xmMgFvhO32x7/3J/ExcTd6qpxM0vH2GdMI+poehyBZvqfMTto8A==}

  form-data@4.0.1:
    resolution: {integrity: sha512-tzN8e4TX8+kkxGPK8D5u0FNmjPUjw3lwC9lSLxxoB/+GtsJG91CO8bSWy73APlgAZzZbXEYZJuxjkHH2w+Ezhw==}
    engines: {node: '>= 6'}

  formdata-node@4.4.1:
    resolution: {integrity: sha512-0iirZp3uVDjVGt9p49aTaqjk84TrglENEDuqfdlZQ1roC9CWlPk6Avf8EEnZNcAqPonwkG35x4n3ww/1THYAeQ==}
    engines: {node: '>= 12.20'}

  humanize-ms@1.2.1:
    resolution: {integrity: sha512-Fl70vYtsAFb/C06PTS9dZBo7ihau+Tu/DNCk/OyHhea07S+aeMWpFFkUaXRa8fI+ScZbEI8dfSxwY7gxZ9SAVQ==}

  js-tokens@4.0.0:
    resolution: {integrity: sha512-RdJUflcE3cUzKiMqQgsCu06FPu9UdIJO0beYbPhHN4k6apgJtifcoCtT9bcxOpYBtpD2kCM6Sbzg4CausW/PKQ==}

  json-schema@0.4.0:
    resolution: {integrity: sha512-es94M3nTIfsEPisRafak+HDLfHXnKBhV3vU5eqPcS3flIWqcxJWgXHXiey3YrpaNsanY5ei1VoYEbOzijuq9BA==}

  jsondiffpatch@0.6.0:
    resolution: {integrity: sha512-3QItJOXp2AP1uv7waBkao5nCvhEv+QmJAd38Ybq7wNI74Q+BBmnLn4EDKz6yI9xGAIQoUF87qHt+kc1IVxB4zQ==}
    engines: {node: ^18.0.0 || >=20.0.0}
    hasBin: true

  loose-envify@1.4.0:
    resolution: {integrity: sha512-lyuxPGr/Wfhrlem2CL/UcnUc1zcqKAImBDzukY7Y5F/yQiNdko6+fRLevlw1HgMySw7f611UIY408EtxRSoK3Q==}
    hasBin: true

  mime-db@1.52.0:
    resolution: {integrity: sha512-sPU4uV7dYlvtWJxwwxHD0PuihVNiE7TyAbQ5SWxDCB9mUYvOgroQOwYQQOKPJ8CIbE+1ETVlOoK1UC2nU3gYvg==}
    engines: {node: '>= 0.6'}

  mime-types@2.1.35:
    resolution: {integrity: sha512-ZDY+bPm5zTTF+YpCrAU9nK0UgICYPT0QtT1NZWFv4s++TNkcgVaT0g6+4R2uI4MjQjzysHB1zxuWL50hzaeXiw==}
    engines: {node: '>= 0.6'}

  ms@2.1.3:
    resolution: {integrity: sha512-6FlzubTLZG3J2a/NVCAleEhjzq5oxgHyaCU9yYXvcLsvoVaHJq/s5xXI6/XXP6tz7R9xAOtHnSO/tXtF3WRTlA==}

  nanoid@3.3.8:
    resolution: {integrity: sha512-WNLf5Sd8oZxOm+TzppcYk8gVOgP+l58xNy58D0nbUnOxOWRWvlcCV4kUF7ltmI6PsrLl/BgKEyS4mqsGChFN0w==}
    engines: {node: ^10 || ^12 || ^13.7 || ^14 || >=15.0.1}
    hasBin: true

  node-domexception@1.0.0:
    resolution: {integrity: sha512-/jKZoMpw0F8GRwl4/eLROPA3cfcXtLApP0QzLmUT/HuPCZWyB7IY9ZrMeKw2O/nFIqPQB3PVM9aYm0F312AXDQ==}
    engines: {node: '>=10.5.0'}

  node-fetch@2.7.0:
    resolution: {integrity: sha512-c4FRfUm/dbcWZ7U+1Wq0AwCyFL+3nt2bEw05wfxSz+DWpWsitgmSgYmy2dQdWyKC1694ELPqMs/YzUSNozLt8A==}
    engines: {node: 4.x || >=6.0.0}
    peerDependencies:
      encoding: ^0.1.0
    peerDependenciesMeta:
      encoding:
        optional: true

  octokit@4.0.2:
    resolution: {integrity: sha512-wbqF4uc1YbcldtiBFfkSnquHtECEIpYD78YUXI6ri1Im5OO2NLo6ZVpRdbJpdnpZ05zMrVPssNiEo6JQtea+Qg==}
    engines: {node: '>= 18'}

  react@18.3.1:
    resolution: {integrity: sha512-wS+hAgJShR0KhEvPJArfuPVN1+Hz1t0Y6n5jLrGQbkb4urgPE/0Rve+1kMB1v/oWgHgm4WIcV+i7F2pTVj+2iQ==}
    engines: {node: '>=0.10.0'}

  secure-json-parse@2.7.0:
    resolution: {integrity: sha512-6aU+Rwsezw7VR8/nyvKTx8QpWH9FrcYiXXlqC4z5d5XQBDRqtbfsRjnwGyqbi3gddNtWHuEk9OANUotL26qKUw==}

  swr@2.2.5:
    resolution: {integrity: sha512-QtxqyclFeAsxEUeZIYmsaQ0UjimSq1RZ9Un7I68/0ClKK/U3LoyQunwkQfJZr2fc22DfIXLNDc2wFyTEikCUpg==}
    peerDependencies:
      react: ^16.11.0 || ^17.0.0 || ^18.0.0

  throttleit@2.1.0:
    resolution: {integrity: sha512-nt6AMGKW1p/70DF/hGBdJB57B8Tspmbp5gfJ8ilhLnt7kkr2ye7hzD6NVG8GGErk2HWF34igrL2CXmNIkzKqKw==}
    engines: {node: '>=18'}

  toad-cache@3.7.0:
    resolution: {integrity: sha512-/m8M+2BJUpoJdgAHoG+baCwBT+tf2VraSfkBgl0Y00qIWt41DJ8R5B8nsEw0I58YwF5IZH6z24/2TobDKnqSWw==}
    engines: {node: '>=12'}

  tr46@0.0.3:
    resolution: {integrity: sha512-N3WMsuqV66lT30CrXNbEjx4GEwlow3v6rr4mCcv6prnfwhS01rkgyFdjPNBYd9br7LpXV1+Emh01fHnq2Gdgrw==}

  undici-types@5.26.5:
    resolution: {integrity: sha512-JlCMO+ehdEIKqlFxk6IfVoAUVmgz7cU7zD/h9XZ0qzeosSHmUJVOzSQvvYSYWXkFXC+IfLKSIffhv0sVZup6pA==}

  universal-github-app-jwt@2.2.0:
    resolution: {integrity: sha512-G5o6f95b5BggDGuUfKDApKaCgNYy2x7OdHY0zSMF081O0EJobw+1130VONhrA7ezGSV2FNOGyM+KQpQZAr9bIQ==}

  universal-user-agent@7.0.2:
    resolution: {integrity: sha512-0JCqzSKnStlRRQfCdowvqy3cy0Dvtlb8xecj/H8JFZuCze4rwjPZQOgvFvn0Ws/usCHQFGpyr+pB9adaGwXn4Q==}

  use-sync-external-store@1.2.2:
    resolution: {integrity: sha512-PElTlVMwpblvbNqQ82d2n6RjStvdSoNe9FG28kNfz3WiXilJm4DdNkEzRhCZuIDwY8U08WVihhGR5iRqAwfDiw==}
    peerDependencies:
      react: ^16.8.0 || ^17.0.0 || ^18.0.0

  web-streams-polyfill@4.0.0-beta.3:
    resolution: {integrity: sha512-QW95TCTaHmsYfHDybGMwO5IJIM93I/6vTRk+daHTWFPhwh+C8Cg7j7XyKrwrj8Ib6vYXe0ocYNrmzY4xAAN6ug==}
    engines: {node: '>= 14'}

  webidl-conversions@3.0.1:
    resolution: {integrity: sha512-2JAn3z8AR6rjK8Sm8orRC0h/bcl/DqL7tRPdGZ4I1CjdF+EaMLmYxBHyXuKL849eucPFhvBoxMsflfOb8kxaeQ==}

  whatwg-url@5.0.0:
    resolution: {integrity: sha512-saE57nupxk6v3HY35+jzBwYa0rKSy0XR8JSxZPwgLr7ys0IBzhGviA1/TUGJLmSVqs8pb9AnvICXEuOHLprYTw==}

  zod-to-json-schema@3.23.5:
    resolution: {integrity: sha512-5wlSS0bXfF/BrL4jPAbz9da5hDlDptdEppYfe+x4eIJ7jioqKG9uUxOwPzqof09u/XeVdrgFu29lZi+8XNDJtA==}
    peerDependencies:
      zod: ^3.23.3

  zod@3.23.8:
    resolution: {integrity: sha512-XBx9AXhXktjUqnepgTiE5flcKIYWi/rme0Eaj+5Y0lftuGBq+jyRu/md4WnuxqgP1ubdpNCsYEYPxrzVHD8d6g==}

snapshots:

  '@ai-sdk/anthropic@1.0.2(zod@3.23.8)':
    dependencies:
      '@ai-sdk/provider': 1.0.1
      '@ai-sdk/provider-utils': 2.0.2(zod@3.23.8)
      zod: 3.23.8

  '@ai-sdk/provider-utils@2.0.2(zod@3.23.8)':
    dependencies:
      '@ai-sdk/provider': 1.0.1
      eventsource-parser: 3.0.0
      nanoid: 3.3.8
      secure-json-parse: 2.7.0
    optionalDependencies:
      zod: 3.23.8

  '@ai-sdk/provider@1.0.1':
    dependencies:
      json-schema: 0.4.0

  '@ai-sdk/react@1.0.4(react@18.3.1)(zod@3.23.8)':
    dependencies:
      '@ai-sdk/provider-utils': 2.0.2(zod@3.23.8)
      '@ai-sdk/ui-utils': 1.0.3(zod@3.23.8)
      swr: 2.2.5(react@18.3.1)
      throttleit: 2.1.0
    optionalDependencies:
      react: 18.3.1
      zod: 3.23.8

  '@ai-sdk/ui-utils@1.0.3(zod@3.23.8)':
    dependencies:
      '@ai-sdk/provider': 1.0.1
      '@ai-sdk/provider-utils': 2.0.2(zod@3.23.8)
      zod-to-json-schema: 3.23.5(zod@3.23.8)
    optionalDependencies:
      zod: 3.23.8

  '@anthropic-ai/sdk@0.32.1':
    dependencies:
      '@types/node': 18.19.67
      '@types/node-fetch': 2.6.12
      abort-controller: 3.0.0
      agentkeepalive: 4.5.0
      form-data-encoder: 1.7.2
      formdata-node: 4.4.1
      node-fetch: 2.7.0
    transitivePeerDependencies:
      - encoding

  '@octokit/app@15.1.1':
    dependencies:
      '@octokit/auth-app': 7.1.3
      '@octokit/auth-unauthenticated': 6.1.0
      '@octokit/core': 6.1.2
      '@octokit/oauth-app': 7.1.3
      '@octokit/plugin-paginate-rest': 11.3.6(@octokit/core@6.1.2)
      '@octokit/types': 13.6.2
      '@octokit/webhooks': 13.4.1

  '@octokit/auth-app@7.1.3':
    dependencies:
      '@octokit/auth-oauth-app': 8.1.1
      '@octokit/auth-oauth-user': 5.1.1
      '@octokit/request': 9.1.3
      '@octokit/request-error': 6.1.5
      '@octokit/types': 13.6.2
      toad-cache: 3.7.0
      universal-github-app-jwt: 2.2.0
      universal-user-agent: 7.0.2

  '@octokit/auth-oauth-app@8.1.1':
    dependencies:
      '@octokit/auth-oauth-device': 7.1.1
      '@octokit/auth-oauth-user': 5.1.1
      '@octokit/request': 9.1.3
      '@octokit/types': 13.6.2
      universal-user-agent: 7.0.2

  '@octokit/auth-oauth-device@7.1.1':
    dependencies:
      '@octokit/oauth-methods': 5.1.2
      '@octokit/request': 9.1.3
      '@octokit/types': 13.6.2
      universal-user-agent: 7.0.2

  '@octokit/auth-oauth-user@5.1.1':
    dependencies:
      '@octokit/auth-oauth-device': 7.1.1
      '@octokit/oauth-methods': 5.1.2
      '@octokit/request': 9.1.3
      '@octokit/types': 13.6.2
      universal-user-agent: 7.0.2

  '@octokit/auth-token@5.1.1': {}

  '@octokit/auth-unauthenticated@6.1.0':
    dependencies:
      '@octokit/request-error': 6.1.5
      '@octokit/types': 13.6.2

  '@octokit/core@6.1.2':
    dependencies:
      '@octokit/auth-token': 5.1.1
      '@octokit/graphql': 8.1.1
      '@octokit/request': 9.1.3
      '@octokit/request-error': 6.1.5
      '@octokit/types': 13.6.2
      before-after-hook: 3.0.2
      universal-user-agent: 7.0.2

  '@octokit/endpoint@10.1.1':
    dependencies:
      '@octokit/types': 13.6.2
      universal-user-agent: 7.0.2

  '@octokit/graphql@8.1.1':
    dependencies:
      '@octokit/request': 9.1.3
      '@octokit/types': 13.6.2
      universal-user-agent: 7.0.2

  '@octokit/oauth-app@7.1.3':
    dependencies:
      '@octokit/auth-oauth-app': 8.1.1
      '@octokit/auth-oauth-user': 5.1.1
      '@octokit/auth-unauthenticated': 6.1.0
      '@octokit/core': 6.1.2
      '@octokit/oauth-authorization-url': 7.1.1
      '@octokit/oauth-methods': 5.1.2
      '@types/aws-lambda': 8.10.146
      universal-user-agent: 7.0.2

  '@octokit/oauth-authorization-url@7.1.1': {}

  '@octokit/oauth-methods@5.1.2':
    dependencies:
      '@octokit/oauth-authorization-url': 7.1.1
      '@octokit/request': 9.1.3
      '@octokit/request-error': 6.1.5
      '@octokit/types': 13.6.2

  '@octokit/openapi-types@22.2.0': {}

  '@octokit/openapi-webhooks-types@8.5.1': {}

  '@octokit/plugin-paginate-graphql@5.2.4(@octokit/core@6.1.2)':
    dependencies:
      '@octokit/core': 6.1.2

  '@octokit/plugin-paginate-rest@11.3.6(@octokit/core@6.1.2)':
    dependencies:
      '@octokit/core': 6.1.2
      '@octokit/types': 13.6.2

  '@octokit/plugin-rest-endpoint-methods@13.2.6(@octokit/core@6.1.2)':
    dependencies:
      '@octokit/core': 6.1.2
      '@octokit/types': 13.6.2

  '@octokit/plugin-retry@7.1.2(@octokit/core@6.1.2)':
    dependencies:
      '@octokit/core': 6.1.2
      '@octokit/request-error': 6.1.5
      '@octokit/types': 13.6.2
      bottleneck: 2.19.5

  '@octokit/plugin-throttling@9.3.2(@octokit/core@6.1.2)':
    dependencies:
      '@octokit/core': 6.1.2
      '@octokit/types': 13.6.2
      bottleneck: 2.19.5

  '@octokit/request-error@6.1.5':
    dependencies:
      '@octokit/types': 13.6.2

  '@octokit/request@9.1.3':
    dependencies:
      '@octokit/endpoint': 10.1.1
      '@octokit/request-error': 6.1.5
      '@octokit/types': 13.6.2
      universal-user-agent: 7.0.2

  '@octokit/types@13.6.2':
    dependencies:
      '@octokit/openapi-types': 22.2.0

  '@octokit/webhooks-methods@5.1.0': {}

  '@octokit/webhooks@13.4.1':
    dependencies:
      '@octokit/openapi-webhooks-types': 8.5.1
      '@octokit/request-error': 6.1.5
      '@octokit/webhooks-methods': 5.1.0

  '@opentelemetry/api@1.9.0': {}

  '@types/aws-lambda@8.10.146': {}

  '@types/bun@1.1.14':
    dependencies:
      bun-types: 1.1.37

  '@types/diff-match-patch@1.0.36': {}

  '@types/node-fetch@2.6.12':
    dependencies:
      '@types/node': 18.19.67
      form-data: 4.0.1

  '@types/node@18.19.67':
    dependencies:
      undici-types: 5.26.5

  '@types/node@20.12.14':
    dependencies:
      undici-types: 5.26.5

  '@types/ws@8.5.13':
    dependencies:
      '@types/node': 20.12.14

  abort-controller@3.0.0:
    dependencies:
      event-target-shim: 5.0.1

  agentkeepalive@4.5.0:
    dependencies:
      humanize-ms: 1.2.1

  ai@4.0.11(react@18.3.1)(zod@3.23.8):
    dependencies:
      '@ai-sdk/provider': 1.0.1
      '@ai-sdk/provider-utils': 2.0.2(zod@3.23.8)
      '@ai-sdk/react': 1.0.4(react@18.3.1)(zod@3.23.8)
      '@ai-sdk/ui-utils': 1.0.3(zod@3.23.8)
      '@opentelemetry/api': 1.9.0
      jsondiffpatch: 0.6.0
      zod-to-json-schema: 3.23.5(zod@3.23.8)
    optionalDependencies:
      react: 18.3.1
      zod: 3.23.8

  asynckit@0.4.0: {}

  before-after-hook@3.0.2: {}

  bottleneck@2.19.5: {}

  bun-types@1.1.37:
    dependencies:
      '@types/node': 20.12.14
      '@types/ws': 8.5.13

  chalk@5.3.0: {}

  client-only@0.0.1: {}

  combined-stream@1.0.8:
    dependencies:
      delayed-stream: 1.0.0

  delayed-stream@1.0.0: {}

  diff-match-patch@1.0.5: {}

  dotenv@16.4.7: {}

  event-target-shim@5.0.1: {}

  eventsource-parser@3.0.0: {}

  form-data-encoder@1.7.2: {}

  form-data@4.0.1:
    dependencies:
      asynckit: 0.4.0
      combined-stream: 1.0.8
      mime-types: 2.1.35

  formdata-node@4.4.1:
    dependencies:
      node-domexception: 1.0.0
      web-streams-polyfill: 4.0.0-beta.3

  humanize-ms@1.2.1:
    dependencies:
      ms: 2.1.3

  js-tokens@4.0.0: {}

  json-schema@0.4.0: {}

  jsondiffpatch@0.6.0:
    dependencies:
      '@types/diff-match-patch': 1.0.36
      chalk: 5.3.0
      diff-match-patch: 1.0.5

  loose-envify@1.4.0:
    dependencies:
      js-tokens: 4.0.0

  mime-db@1.52.0: {}

  mime-types@2.1.35:
    dependencies:
      mime-db: 1.52.0

  ms@2.1.3: {}

  nanoid@3.3.8: {}

  node-domexception@1.0.0: {}

  node-fetch@2.7.0:
    dependencies:
      whatwg-url: 5.0.0

  octokit@4.0.2:
    dependencies:
      '@octokit/app': 15.1.1
      '@octokit/core': 6.1.2
      '@octokit/oauth-app': 7.1.3
      '@octokit/plugin-paginate-graphql': 5.2.4(@octokit/core@6.1.2)
      '@octokit/plugin-paginate-rest': 11.3.6(@octokit/core@6.1.2)
      '@octokit/plugin-rest-endpoint-methods': 13.2.6(@octokit/core@6.1.2)
      '@octokit/plugin-retry': 7.1.2(@octokit/core@6.1.2)
      '@octokit/plugin-throttling': 9.3.2(@octokit/core@6.1.2)
      '@octokit/request-error': 6.1.5
      '@octokit/types': 13.6.2

  react@18.3.1:
    dependencies:
      loose-envify: 1.4.0

  secure-json-parse@2.7.0: {}

  swr@2.2.5(react@18.3.1):
    dependencies:
      client-only: 0.0.1
      react: 18.3.1
      use-sync-external-store: 1.2.2(react@18.3.1)

  throttleit@2.1.0: {}

  toad-cache@3.7.0: {}

  tr46@0.0.3: {}

  undici-types@5.26.5: {}

  universal-github-app-jwt@2.2.0: {}

  universal-user-agent@7.0.2: {}

  use-sync-external-store@1.2.2(react@18.3.1):
    dependencies:
      react: 18.3.1

  web-streams-polyfill@4.0.0-beta.3: {}

  webidl-conversions@3.0.1: {}

  whatwg-url@5.0.0:
    dependencies:
      tr46: 0.0.3
      webidl-conversions: 3.0.1

  zod-to-json-schema@3.23.5(zod@3.23.8):
    dependencies:
      zod: 3.23.8

  zod@3.23.8: {}
